// !$*UTF8*$!
{
	archiveVersion = 1;
	classes = {
	};
	objectVersion = 46;
	objects = {

/* Begin PBXBuildFile section */
		1EA3BC8E1BFD075400ED7C1A /* Images.xcassets in Resources */ = {isa = PBXBuildFile; fileRef = 1EA3BC8D1BFD075400ED7C1A /* Images.xcassets */; };
		6223CEE618098112000649BF /* Channel.m in Sources */ = {isa = PBXBuildFile; fileRef = 6223CEE518098112000649BF /* Channel.m */; };
		6254A034181BAF2300464BA3 /* UINavigationController+Additions.m in Sources */ = {isa = PBXBuildFile; fileRef = 6254A032181BAF2300464BA3 /* UINavigationController+Additions.m */; };
		6254A038181BB00C00464BA3 /* ChannelsManager.m in Sources */ = {isa = PBXBuildFile; fileRef = 6254A037181BB00C00464BA3 /* ChannelsManager.m */; };
		6254A2FB181E572200464BA3 /* EmbeddedSampleViewController.m in Sources */ = {isa = PBXBuildFile; fileRef = 6254A2F8181E572200464BA3 /* EmbeddedSampleViewController.m */; };
		6254A2FC181E572200464BA3 /* MultiplePlayersSampleViewController.m in Sources */ = {isa = PBXBuildFile; fileRef = 6254A2FA181E572200464BA3 /* MultiplePlayersSampleViewController.m */; };
		6254A2FF181E578000464BA3 /* EmbeddedSampleViewController.xib in Resources */ = {isa = PBXBuildFile; fileRef = 6254A2FD181E578000464BA3 /* EmbeddedSampleViewController.xib */; };
		6254A300181E578000464BA3 /* MultiplePlayersSampleViewController.xib in Resources */ = {isa = PBXBuildFile; fileRef = 6254A2FE181E578000464BA3 /* MultiplePlayersSampleViewController.xib */; };
		625A0323180A0CC600277B44 /* UITabBarController+Additions.m in Sources */ = {isa = PBXBuildFile; fileRef = 625A0322180A0CC600277B44 /* UITabBarController+Additions.m */; };
		6262F9A116C669E5002FA664 /* SystemConfiguration.framework in Frameworks */ = {isa = PBXBuildFile; fileRef = 6262F9A016C669E5002FA664 /* SystemConfiguration.framework */; };
		626C548216B2899B00010A8E /* MediaPlayer.framework in Frameworks */ = {isa = PBXBuildFile; fileRef = 626C548116B2899B00010A8E /* MediaPlayer.framework */; };
		627D6CBD16BDE0EE00E9AB02 /* Foundation.framework in Frameworks */ = {isa = PBXBuildFile; fileRef = 62E0CA0A16566C0C00E2B4B0 /* Foundation.framework */; };
		62BFA8D51691C7030086FC59 /* QuartzCore.framework in Frameworks */ = {isa = PBXBuildFile; fileRef = 62BFA8D41691C7020086FC59 /* QuartzCore.framework */; };
		62BFA8D71691C70F0086FC59 /* AudioToolbox.framework in Frameworks */ = {isa = PBXBuildFile; fileRef = 62BFA8D61691C70F0086FC59 /* AudioToolbox.framework */; };
		62BFA8D91691C71B0086FC59 /* OpenGLES.framework in Frameworks */ = {isa = PBXBuildFile; fileRef = 62BFA8D81691C71B0086FC59 /* OpenGLES.framework */; };
		62E0CA0916566C0C00E2B4B0 /* UIKit.framework in Frameworks */ = {isa = PBXBuildFile; fileRef = 62E0CA0816566C0C00E2B4B0 /* UIKit.framework */; };
		62E0CA0B16566C0C00E2B4B0 /* Foundation.framework in Frameworks */ = {isa = PBXBuildFile; fileRef = 62E0CA0A16566C0C00E2B4B0 /* Foundation.framework */; };
		62E0CA0D16566C0C00E2B4B0 /* CoreGraphics.framework in Frameworks */ = {isa = PBXBuildFile; fileRef = 62E0CA0C16566C0C00E2B4B0 /* CoreGraphics.framework */; };
		62E0CA1316566C0C00E2B4B0 /* InfoPlist.strings in Resources */ = {isa = PBXBuildFile; fileRef = 62E0CA1116566C0C00E2B4B0 /* InfoPlist.strings */; };
		62E0CA1516566C0C00E2B4B0 /* main.m in Sources */ = {isa = PBXBuildFile; fileRef = 62E0CA1416566C0C00E2B4B0 /* main.m */; };
		62E0CA1916566C0C00E2B4B0 /* AppDelegate.m in Sources */ = {isa = PBXBuildFile; fileRef = 62E0CA1816566C0C00E2B4B0 /* AppDelegate.m */; };
		62E0CA3116566DFF00E2B4B0 /* FullScreenSampleViewController.m in Sources */ = {isa = PBXBuildFile; fileRef = 62E0CA2F16566DFF00E2B4B0 /* FullScreenSampleViewController.m */; };
		63092F211836558800BA2DB9 /* cmdutils.c in Sources */ = {isa = PBXBuildFile; fileRef = 63092EA91836558800BA2DB9 /* cmdutils.c */; settings = {COMPILER_FLAGS = "-w"; }; };
		63092F221836558800BA2DB9 /* libavcodec.a in Frameworks */ = {isa = PBXBuildFile; fileRef = 63092EF81836558800BA2DB9 /* libavcodec.a */; };
		63092F231836558800BA2DB9 /* libavformat.a in Frameworks */ = {isa = PBXBuildFile; fileRef = 63092EF91836558800BA2DB9 /* libavformat.a */; };
		63092F241836558800BA2DB9 /* libavutil.a in Frameworks */ = {isa = PBXBuildFile; fileRef = 63092EFA1836558800BA2DB9 /* libavutil.a */; };
		63092F251836558800BA2DB9 /* libswresample.a in Frameworks */ = {isa = PBXBuildFile; fileRef = 63092EFB1836558800BA2DB9 /* libswresample.a */; };
		63092F261836558800BA2DB9 /* libswscale.a in Frameworks */ = {isa = PBXBuildFile; fileRef = 63092EFC1836558800BA2DB9 /* libswscale.a */; };
		63092F371836558800BA2DB9 /* VKImages.bundle in Resources */ = {isa = PBXBuildFile; fileRef = 63092F201836558800BA2DB9 /* VKImages.bundle */; };
		63092F421836722B00BA2DB9 /* cmdutils.c in Sources */ = {isa = PBXBuildFile; fileRef = 63092EA91836558800BA2DB9 /* cmdutils.c */; };
		632216CF1BE62F4C0066954A /* VKPlayerControllerBase.m in Sources */ = {isa = PBXBuildFile; fileRef = 632216CE1BE62F4C0066954A /* VKPlayerControllerBase.m */; };
		632216D01BE62F4C0066954A /* VKPlayerControllerBase.m in Sources */ = {isa = PBXBuildFile; fileRef = 632216CE1BE62F4C0066954A /* VKPlayerControllerBase.m */; };
		633268A819E5D2F30096BF7D /* VKPlayerViewController.m in Sources */ = {isa = PBXBuildFile; fileRef = 63092F1A1836558800BA2DB9 /* VKPlayerViewController.m */; };
		633268A919E5D2F50096BF7D /* VKPlayerController.m in Sources */ = {isa = PBXBuildFile; fileRef = 63092F021836558800BA2DB9 /* VKPlayerController.m */; };
		633268AA19E5D2F50096BF7D /* VKPlayerController.m in Sources */ = {isa = PBXBuildFile; fileRef = 63092F021836558800BA2DB9 /* VKPlayerController.m */; };
		633D96BC1D65F1CF003BC57D /* CoreMedia.framework in Frameworks */ = {isa = PBXBuildFile; fileRef = 633D96BB1D65F1CF003BC57D /* CoreMedia.framework */; };
		633D96BE1D65F1D9003BC57D /* CoreVideo.framework in Frameworks */ = {isa = PBXBuildFile; fileRef = 633D96BD1D65F1D9003BC57D /* CoreVideo.framework */; };
		633D96C01D65F1E1003BC57D /* VideoToolbox.framework in Frameworks */ = {isa = PBXBuildFile; fileRef = 633D96BF1D65F1E1003BC57D /* VideoToolbox.framework */; };
		637695A51E6C6EF400B4FA0D /* CoreImage.framework in Frameworks */ = {isa = PBXBuildFile; fileRef = 637695A41E6C6EF400B4FA0D /* CoreImage.framework */; };
		6383905B1E7AA17300CBC3A4 /* CustomIOSampleViewController.m in Sources */ = {isa = PBXBuildFile; fileRef = 638390591E7AA17300CBC3A4 /* CustomIOSampleViewController.m */; };
		6383905C1E7AA17300CBC3A4 /* CustomIOSampleViewController.xib in Resources */ = {isa = PBXBuildFile; fileRef = 6383905A1E7AA17300CBC3A4 /* CustomIOSampleViewController.xib */; };
		638A2DAC18F93D5B003A2193 /* libcrypto.a in Frameworks */ = {isa = PBXBuildFile; fileRef = 638A2DAA18F93D5B003A2193 /* libcrypto.a */; };
		638A2DAE18F93D5B003A2193 /* libssl.a in Frameworks */ = {isa = PBXBuildFile; fileRef = 638A2DAB18F93D5B003A2193 /* libssl.a */; };
		6392E1581CC9081D00CD2A7D /* FullScreenSampleViewController.xib in Resources */ = {isa = PBXBuildFile; fileRef = 6392E1571CC9081D00CD2A7D /* FullScreenSampleViewController.xib */; };
		639FA3451EBDEEB200EAEFCB /* libVideoKit.a in Frameworks */ = {isa = PBXBuildFile; fileRef = 639FA3441EBDEEB200EAEFCB /* libVideoKit.a */; };
		639FA3461EBDEEB200EAEFCB /* libVideoKit.a in Frameworks */ = {isa = PBXBuildFile; fileRef = 639FA3441EBDEEB200EAEFCB /* libVideoKit.a */; };
		639FA3471EBDEF4200EAEFCB /* VKPlayerViewController.m in Sources */ = {isa = PBXBuildFile; fileRef = 63092F1A1836558800BA2DB9 /* VKPlayerViewController.m */; };
		63AEC9ED1BD116B100308EE9 /* libz.tbd in Frameworks */ = {isa = PBXBuildFile; fileRef = 63AEC9EC1BD116B100308EE9 /* libz.tbd */; };
		63AEC9EF1BD116D400308EE9 /* libiconv.tbd in Frameworks */ = {isa = PBXBuildFile; fileRef = 63AEC9EE1BD116D400308EE9 /* libiconv.tbd */; };
		63BBDCF51D7B03CB00377369 /* GLKit.framework in Frameworks */ = {isa = PBXBuildFile; fileRef = 63BBDCF41D7B03CB00377369 /* GLKit.framework */; };
		63D4C0CA1971240D00B453C2 /* license-form.plist in Resources */ = {isa = PBXBuildFile; fileRef = 63D4C0C91971240D00B453C2 /* license-form.plist */; };
		63EEBC2D182473780034ED59 /* AVFoundation.framework in Frameworks */ = {isa = PBXBuildFile; fileRef = 63EEBC2C182473780034ED59 /* AVFoundation.framework */; };
		63EEBC35182542A80034ED59 /* EAIntroPage.m in Sources */ = {isa = PBXBuildFile; fileRef = 63EEBC32182542A80034ED59 /* EAIntroPage.m */; };
		63EEBC36182542A80034ED59 /* EAIntroView.m in Sources */ = {isa = PBXBuildFile; fileRef = 63EEBC34182542A80034ED59 /* EAIntroView.m */; };
		63F00A2618350B200089B34A /* despicable.mp4 in Resources */ = {isa = PBXBuildFile; fileRef = 63F00A2318350B200089B34A /* despicable.mp4 */; };
		63F00A2718350B200089B34A /* iphone5c.mp4 in Resources */ = {isa = PBXBuildFile; fileRef = 63F00A2418350B200089B34A /* iphone5c.mp4 */; };
		63F00A2818350B200089B34A /* kitkat.flv in Resources */ = {isa = PBXBuildFile; fileRef = 63F00A2518350B200089B34A /* kitkat.flv */; };
		63FFE6A91CBFE3C300F16557 /* VKFullscreenContainer.m in Sources */ = {isa = PBXBuildFile; fileRef = 63FFE6A81CBFE3C300F16557 /* VKFullscreenContainer.m */; };
		63FFE6AA1CBFE3C300F16557 /* VKFullscreenContainer.m in Sources */ = {isa = PBXBuildFile; fileRef = 63FFE6A81CBFE3C300F16557 /* VKFullscreenContainer.m */; };
		63FFE6B11CC0CB0500F16557 /* VKScrollViewContainer.m in Sources */ = {isa = PBXBuildFile; fileRef = 63FFE6B01CC0CB0500F16557 /* VKScrollViewContainer.m */; };
		63FFE6B21CC0CB0500F16557 /* VKScrollViewContainer.m in Sources */ = {isa = PBXBuildFile; fileRef = 63FFE6B01CC0CB0500F16557 /* VKScrollViewContainer.m */; };
/* End PBXBuildFile section */

/* Begin PBXCopyFilesBuildPhase section */
		627D6CBA16BDE0EE00E9AB02 /* CopyFiles */ = {
			isa = PBXCopyFilesBuildPhase;
			buildActionMask = 2147483647;
			dstPath = "include/${PRODUCT_NAME}";
			dstSubfolderSpec = 16;
			files = (
			);
			runOnlyForDeploymentPostprocessing = 0;
		};
/* End PBXCopyFilesBuildPhase section */

/* Begin PBXFileReference section */
		1EA3BC8D1BFD075400ED7C1A /* Images.xcassets */ = {isa = PBXFileReference; lastKnownFileType = folder.assetcatalog; path = Images.xcassets; sourceTree = "<group>"; };
		6223CEE418098112000649BF /* Channel.h */ = {isa = PBXFileReference; fileEncoding = 4; lastKnownFileType = sourcecode.c.h; path = Channel.h; sourceTree = "<group>"; };
		6223CEE518098112000649BF /* Channel.m */ = {isa = PBXFileReference; fileEncoding = 4; lastKnownFileType = sourcecode.c.objc; path = Channel.m; sourceTree = "<group>"; };
		623B9BBB18081E9C008A3702 /* VideoKitSampleTRIAL-Info.plist */ = {isa = PBXFileReference; fileEncoding = 4; lastKnownFileType = text.plist.xml; name = "VideoKitSampleTRIAL-Info.plist"; path = "VideoKitSample/VideoKitSampleTRIAL-Info.plist"; sourceTree = SOURCE_ROOT; };
		6254A032181BAF2300464BA3 /* UINavigationController+Additions.m */ = {isa = PBXFileReference; fileEncoding = 4; lastKnownFileType = sourcecode.c.objc; path = "UINavigationController+Additions.m"; sourceTree = "<group>"; };
		6254A033181BAF2300464BA3 /* UINavigationController+Additions.h */ = {isa = PBXFileReference; fileEncoding = 4; lastKnownFileType = sourcecode.c.h; path = "UINavigationController+Additions.h"; sourceTree = "<group>"; };
		6254A036181BB00C00464BA3 /* ChannelsManager.h */ = {isa = PBXFileReference; fileEncoding = 4; lastKnownFileType = sourcecode.c.h; path = ChannelsManager.h; sourceTree = "<group>"; };
		6254A037181BB00C00464BA3 /* ChannelsManager.m */ = {isa = PBXFileReference; fileEncoding = 4; lastKnownFileType = sourcecode.c.objc; path = ChannelsManager.m; sourceTree = "<group>"; };
		6254A2F7181E572200464BA3 /* EmbeddedSampleViewController.h */ = {isa = PBXFileReference; fileEncoding = 4; lastKnownFileType = sourcecode.c.h; path = EmbeddedSampleViewController.h; sourceTree = "<group>"; };
		6254A2F8181E572200464BA3 /* EmbeddedSampleViewController.m */ = {isa = PBXFileReference; fileEncoding = 4; lastKnownFileType = sourcecode.c.objc; path = EmbeddedSampleViewController.m; sourceTree = "<group>"; };
		6254A2F9181E572200464BA3 /* MultiplePlayersSampleViewController.h */ = {isa = PBXFileReference; fileEncoding = 4; lastKnownFileType = sourcecode.c.h; path = MultiplePlayersSampleViewController.h; sourceTree = "<group>"; };
		6254A2FA181E572200464BA3 /* MultiplePlayersSampleViewController.m */ = {isa = PBXFileReference; fileEncoding = 4; lastKnownFileType = sourcecode.c.objc; path = MultiplePlayersSampleViewController.m; sourceTree = "<group>"; };
		6254A2FD181E578000464BA3 /* EmbeddedSampleViewController.xib */ = {isa = PBXFileReference; fileEncoding = 4; lastKnownFileType = file.xib; name = EmbeddedSampleViewController.xib; path = VideoKitSample/EmbeddedSampleViewController.xib; sourceTree = SOURCE_ROOT; };
		6254A2FE181E578000464BA3 /* MultiplePlayersSampleViewController.xib */ = {isa = PBXFileReference; fileEncoding = 4; lastKnownFileType = file.xib; path = MultiplePlayersSampleViewController.xib; sourceTree = "<group>"; };
		625A0321180A0CC600277B44 /* UITabBarController+Additions.h */ = {isa = PBXFileReference; fileEncoding = 4; lastKnownFileType = sourcecode.c.h; path = "UITabBarController+Additions.h"; sourceTree = "<group>"; };
		625A0322180A0CC600277B44 /* UITabBarController+Additions.m */ = {isa = PBXFileReference; fileEncoding = 4; lastKnownFileType = sourcecode.c.objc; path = "UITabBarController+Additions.m"; sourceTree = "<group>"; };
		6262F9A016C669E5002FA664 /* SystemConfiguration.framework */ = {isa = PBXFileReference; lastKnownFileType = wrapper.framework; name = SystemConfiguration.framework; path = System/Library/Frameworks/SystemConfiguration.framework; sourceTree = SDKROOT; };
		626C548116B2899B00010A8E /* MediaPlayer.framework */ = {isa = PBXFileReference; lastKnownFileType = wrapper.framework; name = MediaPlayer.framework; path = System/Library/Frameworks/MediaPlayer.framework; sourceTree = SDKROOT; };
		627D6CBC16BDE0EE00E9AB02 /* VideoKit.a */ = {isa = PBXFileReference; explicitFileType = archive.ar; includeInIndex = 0; path = VideoKit.a; sourceTree = BUILT_PRODUCTS_DIR; };
		62BFA8D41691C7020086FC59 /* QuartzCore.framework */ = {isa = PBXFileReference; lastKnownFileType = wrapper.framework; name = QuartzCore.framework; path = System/Library/Frameworks/QuartzCore.framework; sourceTree = SDKROOT; };
		62BFA8D61691C70F0086FC59 /* AudioToolbox.framework */ = {isa = PBXFileReference; lastKnownFileType = wrapper.framework; name = AudioToolbox.framework; path = System/Library/Frameworks/AudioToolbox.framework; sourceTree = SDKROOT; };
		62BFA8D81691C71B0086FC59 /* OpenGLES.framework */ = {isa = PBXFileReference; lastKnownFileType = wrapper.framework; name = OpenGLES.framework; path = System/Library/Frameworks/OpenGLES.framework; sourceTree = SDKROOT; };
		62E0CA0416566C0C00E2B4B0 /* VideoKitSampleTRIAL.app */ = {isa = PBXFileReference; explicitFileType = wrapper.application; includeInIndex = 0; path = VideoKitSampleTRIAL.app; sourceTree = BUILT_PRODUCTS_DIR; };
		62E0CA0816566C0C00E2B4B0 /* UIKit.framework */ = {isa = PBXFileReference; lastKnownFileType = wrapper.framework; name = UIKit.framework; path = System/Library/Frameworks/UIKit.framework; sourceTree = SDKROOT; };
		62E0CA0A16566C0C00E2B4B0 /* Foundation.framework */ = {isa = PBXFileReference; lastKnownFileType = wrapper.framework; name = Foundation.framework; path = System/Library/Frameworks/Foundation.framework; sourceTree = SDKROOT; };
		62E0CA0C16566C0C00E2B4B0 /* CoreGraphics.framework */ = {isa = PBXFileReference; lastKnownFileType = wrapper.framework; name = CoreGraphics.framework; path = System/Library/Frameworks/CoreGraphics.framework; sourceTree = SDKROOT; };
		62E0CA1216566C0C00E2B4B0 /* en */ = {isa = PBXFileReference; lastKnownFileType = text.plist.strings; name = en; path = en.lproj/InfoPlist.strings; sourceTree = "<group>"; };
		62E0CA1416566C0C00E2B4B0 /* main.m */ = {isa = PBXFileReference; lastKnownFileType = sourcecode.c.objc; name = main.m; path = VideoKitSample/main.m; sourceTree = SOURCE_ROOT; };
		62E0CA1716566C0C00E2B4B0 /* AppDelegate.h */ = {isa = PBXFileReference; lastKnownFileType = sourcecode.c.h; name = AppDelegate.h; path = VideoKitSample/AppDelegate.h; sourceTree = SOURCE_ROOT; };
		62E0CA1816566C0C00E2B4B0 /* AppDelegate.m */ = {isa = PBXFileReference; lastKnownFileType = sourcecode.c.objc; name = AppDelegate.m; path = VideoKitSample/AppDelegate.m; sourceTree = SOURCE_ROOT; };
		62E0CA2E16566DFF00E2B4B0 /* FullScreenSampleViewController.h */ = {isa = PBXFileReference; fileEncoding = 4; lastKnownFileType = sourcecode.c.h; name = FullScreenSampleViewController.h; path = VideoKitSample/FullScreenSampleViewController.h; sourceTree = SOURCE_ROOT; };
		62E0CA2F16566DFF00E2B4B0 /* FullScreenSampleViewController.m */ = {isa = PBXFileReference; fileEncoding = 4; lastKnownFileType = sourcecode.c.objc; lineEnding = 0; name = FullScreenSampleViewController.m; path = VideoKitSample/FullScreenSampleViewController.m; sourceTree = SOURCE_ROOT; xcLanguageSpecificationIdentifier = xcode.lang.objc; };
		63092EA91836558800BA2DB9 /* cmdutils.c */ = {isa = PBXFileReference; fileEncoding = 4; lastKnownFileType = sourcecode.c.c; path = cmdutils.c; sourceTree = "<group>"; };
		63092EF81836558800BA2DB9 /* libavcodec.a */ = {isa = PBXFileReference; lastKnownFileType = archive.ar; path = libavcodec.a; sourceTree = "<group>"; };
		63092EF91836558800BA2DB9 /* libavformat.a */ = {isa = PBXFileReference; lastKnownFileType = archive.ar; path = libavformat.a; sourceTree = "<group>"; };
		63092EFA1836558800BA2DB9 /* libavutil.a */ = {isa = PBXFileReference; lastKnownFileType = archive.ar; path = libavutil.a; sourceTree = "<group>"; };
		63092EFB1836558800BA2DB9 /* libswresample.a */ = {isa = PBXFileReference; lastKnownFileType = archive.ar; path = libswresample.a; sourceTree = "<group>"; };
		63092EFC1836558800BA2DB9 /* libswscale.a */ = {isa = PBXFileReference; lastKnownFileType = archive.ar; path = libswscale.a; sourceTree = "<group>"; };
		63092EFE1836558800BA2DB9 /* VKReachability.h */ = {isa = PBXFileReference; fileEncoding = 4; lastKnownFileType = sourcecode.c.h; path = VKReachability.h; sourceTree = "<group>"; };
		63092F011836558800BA2DB9 /* VKPlayerController.h */ = {isa = PBXFileReference; fileEncoding = 4; lastKnownFileType = sourcecode.c.h; path = VKPlayerController.h; sourceTree = "<group>"; };
		63092F021836558800BA2DB9 /* VKPlayerController.m */ = {isa = PBXFileReference; fileEncoding = 4; lastKnownFileType = sourcecode.c.objc; path = VKPlayerController.m; sourceTree = "<group>"; };
		63092F041836558800BA2DB9 /* VKAudioDecoder.h */ = {isa = PBXFileReference; fileEncoding = 4; lastKnownFileType = sourcecode.c.h; path = VKAudioDecoder.h; sourceTree = "<group>"; };
		63092F061836558800BA2DB9 /* VKDecodeManager.h */ = {isa = PBXFileReference; fileEncoding = 4; lastKnownFileType = sourcecode.c.h; path = VKDecodeManager.h; sourceTree = "<group>"; };
		63092F081836558800BA2DB9 /* VKDecoder.h */ = {isa = PBXFileReference; fileEncoding = 4; lastKnownFileType = sourcecode.c.h; path = VKDecoder.h; sourceTree = "<group>"; };
		63092F0A1836558800BA2DB9 /* VKPacket.h */ = {isa = PBXFileReference; fileEncoding = 4; lastKnownFileType = sourcecode.c.h; path = VKPacket.h; sourceTree = "<group>"; };
		63092F0C1836558800BA2DB9 /* VKVideoDecoder.h */ = {isa = PBXFileReference; fileEncoding = 4; lastKnownFileType = sourcecode.c.h; path = VKVideoDecoder.h; sourceTree = "<group>"; };
		63092F0E1836558800BA2DB9 /* VKVideoFrame.h */ = {isa = PBXFileReference; fileEncoding = 4; lastKnownFileType = sourcecode.c.h; path = VKVideoFrame.h; sourceTree = "<group>"; };
		63092F191836558800BA2DB9 /* VKPlayerViewController.h */ = {isa = PBXFileReference; fileEncoding = 4; lastKnownFileType = sourcecode.c.h; path = VKPlayerViewController.h; sourceTree = "<group>"; };
		63092F1A1836558800BA2DB9 /* VKPlayerViewController.m */ = {isa = PBXFileReference; fileEncoding = 4; lastKnownFileType = sourcecode.c.objc; path = VKPlayerViewController.m; sourceTree = "<group>"; };
		63092F1C1836558800BA2DB9 /* VKGLES2View.h */ = {isa = PBXFileReference; fileEncoding = 4; lastKnownFileType = sourcecode.c.h; path = VKGLES2View.h; sourceTree = "<group>"; };
		63092F1E1836558800BA2DB9 /* VKStreamInfoView.h */ = {isa = PBXFileReference; fileEncoding = 4; lastKnownFileType = sourcecode.c.h; path = VKStreamInfoView.h; sourceTree = "<group>"; };
		63092F201836558800BA2DB9 /* VKImages.bundle */ = {isa = PBXFileReference; lastKnownFileType = "wrapper.plug-in"; path = VKImages.bundle; sourceTree = "<group>"; };
		632216CD1BE62F4C0066954A /* VKPlayerControllerBase.h */ = {isa = PBXFileReference; fileEncoding = 4; lastKnownFileType = sourcecode.c.h; name = VKPlayerControllerBase.h; path = videokit/Controller/VKPlayerControllerBase.h; sourceTree = SOURCE_ROOT; };
		632216CE1BE62F4C0066954A /* VKPlayerControllerBase.m */ = {isa = PBXFileReference; fileEncoding = 4; lastKnownFileType = sourcecode.c.objc; name = VKPlayerControllerBase.m; path = videokit/Controller/VKPlayerControllerBase.m; sourceTree = SOURCE_ROOT; };
		633D96BB1D65F1CF003BC57D /* CoreMedia.framework */ = {isa = PBXFileReference; lastKnownFileType = wrapper.framework; name = CoreMedia.framework; path = System/Library/Frameworks/CoreMedia.framework; sourceTree = SDKROOT; };
		633D96BD1D65F1D9003BC57D /* CoreVideo.framework */ = {isa = PBXFileReference; lastKnownFileType = wrapper.framework; name = CoreVideo.framework; path = System/Library/Frameworks/CoreVideo.framework; sourceTree = SDKROOT; };
		633D96BF1D65F1E1003BC57D /* VideoToolbox.framework */ = {isa = PBXFileReference; lastKnownFileType = wrapper.framework; name = VideoToolbox.framework; path = System/Library/Frameworks/VideoToolbox.framework; sourceTree = SDKROOT; };
		633D96C11D66FDAB003BC57D /* VKVideoFrameYUVVT.h */ = {isa = PBXFileReference; fileEncoding = 4; lastKnownFileType = sourcecode.c.h; name = VKVideoFrameYUVVT.h; path = videokit/Core/VKVideoFrameYUVVT.h; sourceTree = SOURCE_ROOT; };
		633D96C61D672BF7003BC57D /* VKGLES2ViewRGB.h */ = {isa = PBXFileReference; fileEncoding = 4; lastKnownFileType = sourcecode.c.h; name = VKGLES2ViewRGB.h; path = videokit/Views/VKGLES2ViewRGB.h; sourceTree = SOURCE_ROOT; };
		633D96CA1D673B7B003BC57D /* VKGLES2ViewYUV.h */ = {isa = PBXFileReference; fileEncoding = 4; lastKnownFileType = sourcecode.c.h; name = VKGLES2ViewYUV.h; path = videokit/Views/VKGLES2ViewYUV.h; sourceTree = SOURCE_ROOT; };
		633D96CE1D673D34003BC57D /* VKGLES2ViewYUVVT.h */ = {isa = PBXFileReference; fileEncoding = 4; lastKnownFileType = sourcecode.c.h; name = VKGLES2ViewYUVVT.h; path = videokit/Views/VKGLES2ViewYUVVT.h; sourceTree = SOURCE_ROOT; };
		6350D3221BABE8B300A122D2 /* VKClockManager.h */ = {isa = PBXFileReference; fileEncoding = 4; lastKnownFileType = sourcecode.c.h; path = VKClockManager.h; sourceTree = "<group>"; };
		637695A41E6C6EF400B4FA0D /* CoreImage.framework */ = {isa = PBXFileReference; lastKnownFileType = wrapper.framework; name = CoreImage.framework; path = System/Library/Frameworks/CoreImage.framework; sourceTree = SDKROOT; };
		637EADD8189CFB0C006D235D /* VKAVDecodeManager.h */ = {isa = PBXFileReference; fileEncoding = 4; lastKnownFileType = sourcecode.c.h; path = VKAVDecodeManager.h; sourceTree = "<group>"; };
		638390581E7AA17300CBC3A4 /* CustomIOSampleViewController.h */ = {isa = PBXFileReference; fileEncoding = 4; lastKnownFileType = sourcecode.c.h; path = CustomIOSampleViewController.h; sourceTree = "<group>"; };
		638390591E7AA17300CBC3A4 /* CustomIOSampleViewController.m */ = {isa = PBXFileReference; fileEncoding = 4; lastKnownFileType = sourcecode.c.objc; path = CustomIOSampleViewController.m; sourceTree = "<group>"; };
		6383905A1E7AA17300CBC3A4 /* CustomIOSampleViewController.xib */ = {isa = PBXFileReference; fileEncoding = 4; lastKnownFileType = file.xib; path = CustomIOSampleViewController.xib; sourceTree = "<group>"; };
		638A2DAA18F93D5B003A2193 /* libcrypto.a */ = {isa = PBXFileReference; lastKnownFileType = archive.ar; name = libcrypto.a; path = "VideoKit/3rd-party/openSSL/lib/libcrypto.a"; sourceTree = SOURCE_ROOT; };
		638A2DAB18F93D5B003A2193 /* libssl.a */ = {isa = PBXFileReference; lastKnownFileType = archive.ar; name = libssl.a; path = "VideoKit/3rd-party/openSSL/lib/libssl.a"; sourceTree = SOURCE_ROOT; };
		6392E1571CC9081D00CD2A7D /* FullScreenSampleViewController.xib */ = {isa = PBXFileReference; fileEncoding = 4; lastKnownFileType = file.xib; path = FullScreenSampleViewController.xib; sourceTree = "<group>"; };
		639BAA8C1BA5CB1A00695898 /* VKClock.h */ = {isa = PBXFileReference; fileEncoding = 4; lastKnownFileType = sourcecode.c.h; path = VKClock.h; sourceTree = "<group>"; };
		639FA3441EBDEEB200EAEFCB /* libVideoKit.a */ = {isa = PBXFileReference; lastKnownFileType = archive.ar; path = libVideoKit.a; sourceTree = "<group>"; };
		63AEC9EC1BD116B100308EE9 /* libz.tbd */ = {isa = PBXFileReference; lastKnownFileType = "sourcecode.text-based-dylib-definition"; name = libz.tbd; path = usr/lib/libz.tbd; sourceTree = SDKROOT; };
		63AEC9EE1BD116D400308EE9 /* libiconv.tbd */ = {isa = PBXFileReference; lastKnownFileType = "sourcecode.text-based-dylib-definition"; name = libiconv.tbd; path = usr/lib/libiconv.tbd; sourceTree = SDKROOT; };
		63B7D49A19D5559300053DDA /* VKRecorder.h */ = {isa = PBXFileReference; fileEncoding = 4; lastKnownFileType = sourcecode.c.h; path = VKRecorder.h; sourceTree = "<group>"; };
		63BBDCF41D7B03CB00377369 /* GLKit.framework */ = {isa = PBXFileReference; lastKnownFileType = wrapper.framework; name = GLKit.framework; path = System/Library/Frameworks/GLKit.framework; sourceTree = SDKROOT; };
		63D4C0C5196FE2B500B453C2 /* VKManager.h */ = {isa = PBXFileReference; fileEncoding = 4; lastKnownFileType = sourcecode.c.h; path = VKManager.h; sourceTree = "<group>"; };
		63D4C0C91971240D00B453C2 /* license-form.plist */ = {isa = PBXFileReference; fileEncoding = 4; lastKnownFileType = text.plist.xml; path = "license-form.plist"; sourceTree = "<group>"; };
		63ED00B01CBFC6E100E9411C /* VKColorPlane.h */ = {isa = PBXFileReference; fileEncoding = 4; lastKnownFileType = sourcecode.c.h; name = VKColorPlane.h; path = videokit/Core/VKColorPlane.h; sourceTree = SOURCE_ROOT; };
		63ED00B41CBFC86000E9411C /* VKVideoFrameRGB.h */ = {isa = PBXFileReference; fileEncoding = 4; lastKnownFileType = sourcecode.c.h; name = VKVideoFrameRGB.h; path = videokit/Core/VKVideoFrameRGB.h; sourceTree = SOURCE_ROOT; };
		63ED00B91CBFC89700E9411C /* VKVideoFrameYUV.h */ = {isa = PBXFileReference; fileEncoding = 4; lastKnownFileType = sourcecode.c.h; name = VKVideoFrameYUV.h; path = videokit/Core/VKVideoFrameYUV.h; sourceTree = SOURCE_ROOT; };
		63EEBC2C182473780034ED59 /* AVFoundation.framework */ = {isa = PBXFileReference; lastKnownFileType = wrapper.framework; name = AVFoundation.framework; path = System/Library/Frameworks/AVFoundation.framework; sourceTree = SDKROOT; };
		63EEBC31182542A80034ED59 /* EAIntroPage.h */ = {isa = PBXFileReference; fileEncoding = 4; lastKnownFileType = sourcecode.c.h; path = EAIntroPage.h; sourceTree = "<group>"; };
		63EEBC32182542A80034ED59 /* EAIntroPage.m */ = {isa = PBXFileReference; fileEncoding = 4; lastKnownFileType = sourcecode.c.objc; path = EAIntroPage.m; sourceTree = "<group>"; };
		63EEBC33182542A80034ED59 /* EAIntroView.h */ = {isa = PBXFileReference; fileEncoding = 4; lastKnownFileType = sourcecode.c.h; path = EAIntroView.h; sourceTree = "<group>"; };
		63EEBC34182542A80034ED59 /* EAIntroView.m */ = {isa = PBXFileReference; fileEncoding = 4; lastKnownFileType = sourcecode.c.objc; path = EAIntroView.m; sourceTree = "<group>"; };
		63F00A2318350B200089B34A /* despicable.mp4 */ = {isa = PBXFileReference; lastKnownFileType = file; path = despicable.mp4; sourceTree = "<group>"; };
		63F00A2418350B200089B34A /* iphone5c.mp4 */ = {isa = PBXFileReference; lastKnownFileType = file; path = iphone5c.mp4; sourceTree = "<group>"; };
		63F00A2518350B200089B34A /* kitkat.flv */ = {isa = PBXFileReference; lastKnownFileType = file; path = kitkat.flv; sourceTree = "<group>"; };
		63FB111F1924DDD4007F5B84 /* VKQueue.h */ = {isa = PBXFileReference; fileEncoding = 4; lastKnownFileType = sourcecode.c.h; path = VKQueue.h; sourceTree = "<group>"; };
		63FFE6A71CBFE3C300F16557 /* VKFullscreenContainer.h */ = {isa = PBXFileReference; fileEncoding = 4; lastKnownFileType = sourcecode.c.h; name = VKFullscreenContainer.h; path = videokit/Controller/VKFullscreenContainer.h; sourceTree = SOURCE_ROOT; };
		63FFE6A81CBFE3C300F16557 /* VKFullscreenContainer.m */ = {isa = PBXFileReference; fileEncoding = 4; lastKnownFileType = sourcecode.c.objc; name = VKFullscreenContainer.m; path = videokit/Controller/VKFullscreenContainer.m; sourceTree = SOURCE_ROOT; };
		63FFE6AF1CC0CB0500F16557 /* VKScrollViewContainer.h */ = {isa = PBXFileReference; fileEncoding = 4; lastKnownFileType = sourcecode.c.h; name = VKScrollViewContainer.h; path = videokit/Controller/VKScrollViewContainer.h; sourceTree = SOURCE_ROOT; };
		63FFE6B01CC0CB0500F16557 /* VKScrollViewContainer.m */ = {isa = PBXFileReference; fileEncoding = 4; lastKnownFileType = sourcecode.c.objc; name = VKScrollViewContainer.m; path = videokit/Controller/VKScrollViewContainer.m; sourceTree = SOURCE_ROOT; };
/* End PBXFileReference section */

/* Begin PBXFrameworksBuildPhase section */
		627D6CB916BDE0EE00E9AB02 /* Frameworks */ = {
			isa = PBXFrameworksBuildPhase;
			buildActionMask = 2147483647;
			files = (
				639FA3461EBDEEB200EAEFCB /* libVideoKit.a in Frameworks */,
				627D6CBD16BDE0EE00E9AB02 /* Foundation.framework in Frameworks */,
			);
			runOnlyForDeploymentPostprocessing = 0;
		};
		62E0CA0116566C0C00E2B4B0 /* Frameworks */ = {
			isa = PBXFrameworksBuildPhase;
			buildActionMask = 2147483647;
			files = (
				637695A51E6C6EF400B4FA0D /* CoreImage.framework in Frameworks */,
				63BBDCF51D7B03CB00377369 /* GLKit.framework in Frameworks */,
				633D96C01D65F1E1003BC57D /* VideoToolbox.framework in Frameworks */,
				633D96BE1D65F1D9003BC57D /* CoreVideo.framework in Frameworks */,
				633D96BC1D65F1CF003BC57D /* CoreMedia.framework in Frameworks */,
				63AEC9EF1BD116D400308EE9 /* libiconv.tbd in Frameworks */,
				63AEC9ED1BD116B100308EE9 /* libz.tbd in Frameworks */,
				63092F241836558800BA2DB9 /* libavutil.a in Frameworks */,
				63092F221836558800BA2DB9 /* libavcodec.a in Frameworks */,
				63092F251836558800BA2DB9 /* libswresample.a in Frameworks */,
				639FA3451EBDEEB200EAEFCB /* libVideoKit.a in Frameworks */,
				63092F231836558800BA2DB9 /* libavformat.a in Frameworks */,
				63092F261836558800BA2DB9 /* libswscale.a in Frameworks */,
				638A2DAC18F93D5B003A2193 /* libcrypto.a in Frameworks */,
				63EEBC2D182473780034ED59 /* AVFoundation.framework in Frameworks */,
				6262F9A116C669E5002FA664 /* SystemConfiguration.framework in Frameworks */,
				626C548216B2899B00010A8E /* MediaPlayer.framework in Frameworks */,
				62BFA8D71691C70F0086FC59 /* AudioToolbox.framework in Frameworks */,
				62BFA8D91691C71B0086FC59 /* OpenGLES.framework in Frameworks */,
				62BFA8D51691C7030086FC59 /* QuartzCore.framework in Frameworks */,
				62E0CA0916566C0C00E2B4B0 /* UIKit.framework in Frameworks */,
				62E0CA0B16566C0C00E2B4B0 /* Foundation.framework in Frameworks */,
				638A2DAE18F93D5B003A2193 /* libssl.a in Frameworks */,
				62E0CA0D16566C0C00E2B4B0 /* CoreGraphics.framework in Frameworks */,
			);
			runOnlyForDeploymentPostprocessing = 0;
		};
/* End PBXFrameworksBuildPhase section */

/* Begin PBXGroup section */
		6223CEE718098228000649BF /* AppDelegate */ = {
			isa = PBXGroup;
			children = (
				62E0CA1716566C0C00E2B4B0 /* AppDelegate.h */,
				62E0CA1816566C0C00E2B4B0 /* AppDelegate.m */,
			);
			name = AppDelegate;
			sourceTree = "<group>";
		};
		6223CEE818098235000649BF /* ViewControllers */ = {
			isa = PBXGroup;
			children = (
				62E0CA2E16566DFF00E2B4B0 /* FullScreenSampleViewController.h */,
				62E0CA2F16566DFF00E2B4B0 /* FullScreenSampleViewController.m */,
				6254A2F7181E572200464BA3 /* EmbeddedSampleViewController.h */,
				6254A2F8181E572200464BA3 /* EmbeddedSampleViewController.m */,
				6254A2F9181E572200464BA3 /* MultiplePlayersSampleViewController.h */,
				6254A2FA181E572200464BA3 /* MultiplePlayersSampleViewController.m */,
				638390581E7AA17300CBC3A4 /* CustomIOSampleViewController.h */,
				638390591E7AA17300CBC3A4 /* CustomIOSampleViewController.m */,
			);
			name = ViewControllers;
			sourceTree = "<group>";
		};
		6223CEE918098258000649BF /* Xibs */ = {
			isa = PBXGroup;
			children = (
				6392E1571CC9081D00CD2A7D /* FullScreenSampleViewController.xib */,
				6254A2FD181E578000464BA3 /* EmbeddedSampleViewController.xib */,
				6254A2FE181E578000464BA3 /* MultiplePlayersSampleViewController.xib */,
				6383905A1E7AA17300CBC3A4 /* CustomIOSampleViewController.xib */,
			);
			name = Xibs;
			sourceTree = "<group>";
		};
		6254A02F181BAE2C00464BA3 /* Channels */ = {
			isa = PBXGroup;
			children = (
				6223CEE418098112000649BF /* Channel.h */,
				6223CEE518098112000649BF /* Channel.m */,
				6254A036181BB00C00464BA3 /* ChannelsManager.h */,
				6254A037181BB00C00464BA3 /* ChannelsManager.m */,
			);
			name = Channels;
			sourceTree = "<group>";
		};
		6254A031181BAEF700464BA3 /* Helpers */ = {
			isa = PBXGroup;
			children = (
				6254A033181BAF2300464BA3 /* UINavigationController+Additions.h */,
				6254A032181BAF2300464BA3 /* UINavigationController+Additions.m */,
				625A0321180A0CC600277B44 /* UITabBarController+Additions.h */,
				625A0322180A0CC600277B44 /* UITabBarController+Additions.m */,
			);
			name = Helpers;
			sourceTree = "<group>";
		};
		62E0C9F916566C0C00E2B4B0 = {
			isa = PBXGroup;
			children = (
				63092EA71836558800BA2DB9 /* VideoKit */,
				62E0CA0E16566C0C00E2B4B0 /* VideoKitSample */,
				62E0CA0716566C0C00E2B4B0 /* Frameworks */,
				62E0CA0516566C0C00E2B4B0 /* Products */,
			);
			sourceTree = "<group>";
		};
		62E0CA0516566C0C00E2B4B0 /* Products */ = {
			isa = PBXGroup;
			children = (
				62E0CA0416566C0C00E2B4B0 /* VideoKitSampleTRIAL.app */,
				627D6CBC16BDE0EE00E9AB02 /* VideoKit.a */,
			);
			name = Products;
			sourceTree = "<group>";
		};
		62E0CA0716566C0C00E2B4B0 /* Frameworks */ = {
			isa = PBXGroup;
			children = (
				637695A41E6C6EF400B4FA0D /* CoreImage.framework */,
				63BBDCF41D7B03CB00377369 /* GLKit.framework */,
				63AEC9EC1BD116B100308EE9 /* libz.tbd */,
				63AEC9EE1BD116D400308EE9 /* libiconv.tbd */,
				633D96BF1D65F1E1003BC57D /* VideoToolbox.framework */,
				633D96BD1D65F1D9003BC57D /* CoreVideo.framework */,
				633D96BB1D65F1CF003BC57D /* CoreMedia.framework */,
				63EEBC2C182473780034ED59 /* AVFoundation.framework */,
				6262F9A016C669E5002FA664 /* SystemConfiguration.framework */,
				626C548116B2899B00010A8E /* MediaPlayer.framework */,
				62BFA8D81691C71B0086FC59 /* OpenGLES.framework */,
				62BFA8D61691C70F0086FC59 /* AudioToolbox.framework */,
				62BFA8D41691C7020086FC59 /* QuartzCore.framework */,
				62E0CA0816566C0C00E2B4B0 /* UIKit.framework */,
				62E0CA0A16566C0C00E2B4B0 /* Foundation.framework */,
				62E0CA0C16566C0C00E2B4B0 /* CoreGraphics.framework */,
			);
			name = Frameworks;
			sourceTree = "<group>";
		};
		62E0CA0E16566C0C00E2B4B0 /* VideoKitSample */ = {
			isa = PBXGroup;
			children = (
				63EEBC2F182542750034ED59 /* Source */,
				62E0CA0F16566C0C00E2B4B0 /* Supporting Files */,
			);
			path = VideoKitSample;
			sourceTree = "<group>";
		};
		62E0CA0F16566C0C00E2B4B0 /* Supporting Files */ = {
			isa = PBXGroup;
			children = (
				1EA3BC8D1BFD075400ED7C1A /* Images.xcassets */,
				63F00A2218350B200089B34A /* sample_videos */,
				6223CEE918098258000649BF /* Xibs */,
				623B9BBB18081E9C008A3702 /* VideoKitSampleTRIAL-Info.plist */,
				62E0CA1116566C0C00E2B4B0 /* InfoPlist.strings */,
				62E0CA1416566C0C00E2B4B0 /* main.m */,
			);
			name = "Supporting Files";
			path = VideoKitSample;
			sourceTree = SOURCE_ROOT;
		};
		63092EA71836558800BA2DB9 /* VideoKit */ = {
			isa = PBXGroup;
			children = (
				63092EA81836558800BA2DB9 /* 3rd-party */,
				63092F001836558800BA2DB9 /* Controller */,
				63092F031836558800BA2DB9 /* Core */,
				63092F181836558800BA2DB9 /* ViewController */,
				63092F1B1836558800BA2DB9 /* Views */,
				63092F201836558800BA2DB9 /* VKImages.bundle */,
				63D4C0C91971240D00B453C2 /* license-form.plist */,
			);
			path = VideoKit;
			sourceTree = "<group>";
		};
		63092EA81836558800BA2DB9 /* 3rd-party */ = {
			isa = PBXGroup;
			children = (
				638A2D5B18F93D5B003A2193 /* openSSL */,
				63092EA91836558800BA2DB9 /* cmdutils.c */,
				63092EAA1836558800BA2DB9 /* ffmpeg */,
				63092EFD1836558800BA2DB9 /* Reachability */,
			);
			path = "3rd-party";
			sourceTree = "<group>";
		};
		63092EAA1836558800BA2DB9 /* ffmpeg */ = {
			isa = PBXGroup;
			children = (
				63092EF71836558800BA2DB9 /* lib */,
			);
			path = ffmpeg;
			sourceTree = "<group>";
		};
		63092EF71836558800BA2DB9 /* lib */ = {
			isa = PBXGroup;
			children = (
				63092EF81836558800BA2DB9 /* libavcodec.a */,
				63092EF91836558800BA2DB9 /* libavformat.a */,
				63092EFA1836558800BA2DB9 /* libavutil.a */,
				63092EFB1836558800BA2DB9 /* libswresample.a */,
				63092EFC1836558800BA2DB9 /* libswscale.a */,
			);
			path = lib;
			sourceTree = "<group>";
		};
		63092EFD1836558800BA2DB9 /* Reachability */ = {
			isa = PBXGroup;
			children = (
				63092EFE1836558800BA2DB9 /* VKReachability.h */,
			);
			path = Reachability;
			sourceTree = "<group>";
		};
		63092F001836558800BA2DB9 /* Controller */ = {
			isa = PBXGroup;
			children = (
				63FFE6AF1CC0CB0500F16557 /* VKScrollViewContainer.h */,
				63FFE6B01CC0CB0500F16557 /* VKScrollViewContainer.m */,
				63FFE6A71CBFE3C300F16557 /* VKFullscreenContainer.h */,
				63FFE6A81CBFE3C300F16557 /* VKFullscreenContainer.m */,
				632216CD1BE62F4C0066954A /* VKPlayerControllerBase.h */,
				632216CE1BE62F4C0066954A /* VKPlayerControllerBase.m */,
				63092F011836558800BA2DB9 /* VKPlayerController.h */,
				63092F021836558800BA2DB9 /* VKPlayerController.m */,
			);
			path = Controller;
			sourceTree = "<group>";
		};
		63092F031836558800BA2DB9 /* Core */ = {
			isa = PBXGroup;
			children = (
				63ED00B81CBFC86A00E9411C /* VKVideoFrame */,
				639BAA8C1BA5CB1A00695898 /* VKClock.h */,
				6350D3221BABE8B300A122D2 /* VKClockManager.h */,
				63FB111F1924DDD4007F5B84 /* VKQueue.h */,
				63092F081836558800BA2DB9 /* VKDecoder.h */,
				63092F041836558800BA2DB9 /* VKAudioDecoder.h */,
				63092F0C1836558800BA2DB9 /* VKVideoDecoder.h */,
				63D4C0C5196FE2B500B453C2 /* VKManager.h */,
				63092F061836558800BA2DB9 /* VKDecodeManager.h */,
				637EADD8189CFB0C006D235D /* VKAVDecodeManager.h */,
				63B7D49A19D5559300053DDA /* VKRecorder.h */,
				63092F0A1836558800BA2DB9 /* VKPacket.h */,
				639FA3441EBDEEB200EAEFCB /* libVideoKit.a */,
			);
			path = Core;
			sourceTree = "<group>";
		};
		63092F181836558800BA2DB9 /* ViewController */ = {
			isa = PBXGroup;
			children = (
				63092F191836558800BA2DB9 /* VKPlayerViewController.h */,
				63092F1A1836558800BA2DB9 /* VKPlayerViewController.m */,
			);
			path = ViewController;
			sourceTree = "<group>";
		};
		63092F1B1836558800BA2DB9 /* Views */ = {
			isa = PBXGroup;
			children = (
				63092F1C1836558800BA2DB9 /* VKGLES2View.h */,
				633D96CA1D673B7B003BC57D /* VKGLES2ViewYUV.h */,
				633D96CE1D673D34003BC57D /* VKGLES2ViewYUVVT.h */,
				633D96C61D672BF7003BC57D /* VKGLES2ViewRGB.h */,
				63092F1E1836558800BA2DB9 /* VKStreamInfoView.h */,
			);
			path = Views;
			sourceTree = "<group>";
		};
		638A2D5B18F93D5B003A2193 /* openSSL */ = {
			isa = PBXGroup;
			children = (
				638A2DA918F93D5B003A2193 /* lib */,
			);
			name = openSSL;
			path = "VideoKit/3rd-party/openSSL";
			sourceTree = SOURCE_ROOT;
		};
		638A2DA918F93D5B003A2193 /* lib */ = {
			isa = PBXGroup;
			children = (
				638A2DAA18F93D5B003A2193 /* libcrypto.a */,
				638A2DAB18F93D5B003A2193 /* libssl.a */,
			);
			name = lib;
			path = "VideoKit/3rd-party/openSSL/lib";
			sourceTree = SOURCE_ROOT;
		};
		63ED00B81CBFC86A00E9411C /* VKVideoFrame */ = {
			isa = PBXGroup;
			children = (
				63ED00B01CBFC6E100E9411C /* VKColorPlane.h */,
				63092F0E1836558800BA2DB9 /* VKVideoFrame.h */,
				63ED00B41CBFC86000E9411C /* VKVideoFrameRGB.h */,
				63ED00B91CBFC89700E9411C /* VKVideoFrameYUV.h */,
				633D96C11D66FDAB003BC57D /* VKVideoFrameYUVVT.h */,
			);
			name = VKVideoFrame;
			sourceTree = "<group>";
		};
		63EEBC2F182542750034ED59 /* Source */ = {
			isa = PBXGroup;
			children = (
				6254A031181BAEF700464BA3 /* Helpers */,
				63EEBC30182542A80034ED59 /* EAIntroView */,
				6254A02F181BAE2C00464BA3 /* Channels */,
				6223CEE718098228000649BF /* AppDelegate */,
				6223CEE818098235000649BF /* ViewControllers */,
			);
			name = Source;
			sourceTree = "<group>";
		};
		63EEBC30182542A80034ED59 /* EAIntroView */ = {
			isa = PBXGroup;
			children = (
				63EEBC31182542A80034ED59 /* EAIntroPage.h */,
				63EEBC32182542A80034ED59 /* EAIntroPage.m */,
				63EEBC33182542A80034ED59 /* EAIntroView.h */,
				63EEBC34182542A80034ED59 /* EAIntroView.m */,
			);
			path = EAIntroView;
			sourceTree = "<group>";
		};
		63F00A2218350B200089B34A /* sample_videos */ = {
			isa = PBXGroup;
			children = (
				63F00A2318350B200089B34A /* despicable.mp4 */,
				63F00A2418350B200089B34A /* iphone5c.mp4 */,
				63F00A2518350B200089B34A /* kitkat.flv */,
			);
			path = sample_videos;
			sourceTree = "<group>";
		};
/* End PBXGroup section */

/* Begin PBXNativeTarget section */
		627D6CBB16BDE0EE00E9AB02 /* VideoKit */ = {
			isa = PBXNativeTarget;
			buildConfigurationList = 627D6CC516BDE0EE00E9AB02 /* Build configuration list for PBXNativeTarget "VideoKit" */;
			buildPhases = (
				627D6CB816BDE0EE00E9AB02 /* Sources */,
				627D6CB916BDE0EE00E9AB02 /* Frameworks */,
				627D6CBA16BDE0EE00E9AB02 /* CopyFiles */,
			);
			buildRules = (
			);
			dependencies = (
			);
			name = VideoKit;
			productName = VideoKit;
			productReference = 627D6CBC16BDE0EE00E9AB02 /* VideoKit.a */;
			productType = "com.apple.product-type.library.static";
		};
		62E0CA0316566C0C00E2B4B0 /* VideoKitSampleTRIAL */ = {
			isa = PBXNativeTarget;
			buildConfigurationList = 62E0CA2216566C0C00E2B4B0 /* Build configuration list for PBXNativeTarget "VideoKitSampleTRIAL" */;
			buildPhases = (
				62E0CA0016566C0C00E2B4B0 /* Sources */,
				62E0CA0116566C0C00E2B4B0 /* Frameworks */,
				62E0CA0216566C0C00E2B4B0 /* Resources */,
			);
			buildRules = (
			);
			dependencies = (
			);
			name = VideoKitSampleTRIAL;
			productName = VideoKitSample;
			productReference = 62E0CA0416566C0C00E2B4B0 /* VideoKitSampleTRIAL.app */;
			productType = "com.apple.product-type.application";
		};
/* End PBXNativeTarget section */

/* Begin PBXProject section */
		62E0C9FB16566C0C00E2B4B0 /* Project object */ = {
			isa = PBXProject;
			attributes = {
				CLASSPREFIX = "";
				LastUpgradeCheck = 0800;
				ORGANIZATIONNAME = iosvideokit;
				TargetAttributes = {
					62E0CA0316566C0C00E2B4B0 = {
						DevelopmentTeam = 2G876RW9RP;
					};
				};
			};
			buildConfigurationList = 62E0C9FE16566C0C00E2B4B0 /* Build configuration list for PBXProject "VideoKitSampleTRIAL" */;
			compatibilityVersion = "Xcode 3.2";
			developmentRegion = English;
			hasScannedForEncodings = 0;
			knownRegions = (
				en,
			);
			mainGroup = 62E0C9F916566C0C00E2B4B0;
			productRefGroup = 62E0CA0516566C0C00E2B4B0 /* Products */;
			projectDirPath = "";
			projectRoot = "";
			targets = (
				62E0CA0316566C0C00E2B4B0 /* VideoKitSampleTRIAL */,
				627D6CBB16BDE0EE00E9AB02 /* VideoKit */,
			);
		};
/* End PBXProject section */

/* Begin PBXResourcesBuildPhase section */
		62E0CA0216566C0C00E2B4B0 /* Resources */ = {
			isa = PBXResourcesBuildPhase;
			buildActionMask = 2147483647;
			files = (
				6383905C1E7AA17300CBC3A4 /* CustomIOSampleViewController.xib in Resources */,
				62E0CA1316566C0C00E2B4B0 /* InfoPlist.strings in Resources */,
				63092F371836558800BA2DB9 /* VKImages.bundle in Resources */,
				63F00A2818350B200089B34A /* kitkat.flv in Resources */,
				63D4C0CA1971240D00B453C2 /* license-form.plist in Resources */,
				63F00A2618350B200089B34A /* despicable.mp4 in Resources */,
				63F00A2718350B200089B34A /* iphone5c.mp4 in Resources */,
				1EA3BC8E1BFD075400ED7C1A /* Images.xcassets in Resources */,
				6392E1581CC9081D00CD2A7D /* FullScreenSampleViewController.xib in Resources */,
				6254A2FF181E578000464BA3 /* EmbeddedSampleViewController.xib in Resources */,
				6254A300181E578000464BA3 /* MultiplePlayersSampleViewController.xib in Resources */,
			);
			runOnlyForDeploymentPostprocessing = 0;
		};
/* End PBXResourcesBuildPhase section */

/* Begin PBXSourcesBuildPhase section */
		627D6CB816BDE0EE00E9AB02 /* Sources */ = {
			isa = PBXSourcesBuildPhase;
			buildActionMask = 2147483647;
			files = (
				633268AA19E5D2F50096BF7D /* VKPlayerController.m in Sources */,
				63FFE6AA1CBFE3C300F16557 /* VKFullscreenContainer.m in Sources */,
				63092F421836722B00BA2DB9 /* cmdutils.c in Sources */,
				63FFE6B21CC0CB0500F16557 /* VKScrollViewContainer.m in Sources */,
				632216D01BE62F4C0066954A /* VKPlayerControllerBase.m in Sources */,
				633268A819E5D2F30096BF7D /* VKPlayerViewController.m in Sources */,
			);
			runOnlyForDeploymentPostprocessing = 0;
		};
		62E0CA0016566C0C00E2B4B0 /* Sources */ = {
			isa = PBXSourcesBuildPhase;
			buildActionMask = 2147483647;
			files = (
				639FA3471EBDEF4200EAEFCB /* VKPlayerViewController.m in Sources */,
				632216CF1BE62F4C0066954A /* VKPlayerControllerBase.m in Sources */,
				62E0CA1516566C0C00E2B4B0 /* main.m in Sources */,
				633268A919E5D2F50096BF7D /* VKPlayerController.m in Sources */,
				62E0CA1916566C0C00E2B4B0 /* AppDelegate.m in Sources */,
				62E0CA3116566DFF00E2B4B0 /* FullScreenSampleViewController.m in Sources */,
				63092F211836558800BA2DB9 /* cmdutils.c in Sources */,
				63EEBC35182542A80034ED59 /* EAIntroPage.m in Sources */,
				63FFE6B11CC0CB0500F16557 /* VKScrollViewContainer.m in Sources */,
				63EEBC36182542A80034ED59 /* EAIntroView.m in Sources */,
				6383905B1E7AA17300CBC3A4 /* CustomIOSampleViewController.m in Sources */,
				6223CEE618098112000649BF /* Channel.m in Sources */,
				63FFE6A91CBFE3C300F16557 /* VKFullscreenContainer.m in Sources */,
				625A0323180A0CC600277B44 /* UITabBarController+Additions.m in Sources */,
				6254A034181BAF2300464BA3 /* UINavigationController+Additions.m in Sources */,
				6254A038181BB00C00464BA3 /* ChannelsManager.m in Sources */,
				6254A2FB181E572200464BA3 /* EmbeddedSampleViewController.m in Sources */,
				6254A2FC181E572200464BA3 /* MultiplePlayersSampleViewController.m in Sources */,
			);
			runOnlyForDeploymentPostprocessing = 0;
		};
/* End PBXSourcesBuildPhase section */

/* Begin PBXVariantGroup section */
		62E0CA1116566C0C00E2B4B0 /* InfoPlist.strings */ = {
			isa = PBXVariantGroup;
			children = (
				62E0CA1216566C0C00E2B4B0 /* en */,
			);
			name = InfoPlist.strings;
			path = VideoKitSample;
			sourceTree = SOURCE_ROOT;
		};
/* End PBXVariantGroup section */

/* Begin XCBuildConfiguration section */
		627D6CC616BDE0EE00E9AB02 /* Debug */ = {
			isa = XCBuildConfiguration;
			buildSettings = {
				CLANG_WARN_CONSTANT_CONVERSION = YES;
				CLANG_WARN_ENUM_CONVERSION = YES;
				CLANG_WARN_INT_CONVERSION = YES;
				DSTROOT = /tmp/VideoKit.dst;
				EXECUTABLE_PREFIX = "";
				GCC_PRECOMPILE_PREFIX_HEADER = NO;
				HEADER_SEARCH_PATHS = "./VideoKit/3rd-party/ffmpeg/include/";
				IPHONEOS_DEPLOYMENT_TARGET = 8.0;
				LIBRARY_SEARCH_PATHS = (
					"./VideoKit/3rd-party/ffmpeg/lib/",
					"./VideoKit/3rd-party/openSSL/lib/",
					"$(PROJECT_DIR)/VideoKit/Core",
				);
				ONLY_ACTIVE_ARCH = YES;
				OTHER_LDFLAGS = "-ObjC";
				PRODUCT_NAME = VideoKit;
				SKIP_INSTALL = YES;
				VALID_ARCHS = "armv7 armv7s arm64 x86_64 i386";
			};
			name = Debug;
		};
		627D6CC716BDE0EE00E9AB02 /* Release */ = {
			isa = XCBuildConfiguration;
			buildSettings = {
				CLANG_WARN_CONSTANT_CONVERSION = YES;
				CLANG_WARN_ENUM_CONVERSION = YES;
				CLANG_WARN_INT_CONVERSION = YES;
				DSTROOT = /tmp/VideoKit.dst;
				EXECUTABLE_PREFIX = "";
				GCC_PRECOMPILE_PREFIX_HEADER = NO;
				HEADER_SEARCH_PATHS = "./VideoKit/3rd-party/ffmpeg/include/";
				IPHONEOS_DEPLOYMENT_TARGET = 8.0;
				LIBRARY_SEARCH_PATHS = (
					"./VideoKit/3rd-party/ffmpeg/lib/",
					"./VideoKit/3rd-party/openSSL/lib/",
					"$(PROJECT_DIR)/VideoKit/Core",
				);
				ONLY_ACTIVE_ARCH = NO;
				OTHER_CFLAGS = "-DNS_BLOCK_ASSERTIONS=1";
				OTHER_LDFLAGS = "-ObjC";
				PRODUCT_NAME = VideoKit;
				SKIP_INSTALL = YES;
				VALID_ARCHS = "armv7 armv7s arm64 x86_64 i386";
			};
			name = Release;
		};
		62E0CA2016566C0C00E2B4B0 /* Debug */ = {
			isa = XCBuildConfiguration;
			buildSettings = {
				ALWAYS_SEARCH_USER_PATHS = NO;
				CLANG_CXX_LANGUAGE_STANDARD = "gnu++0x";
				CLANG_CXX_LIBRARY = "libc++";
				CLANG_WARN_BOOL_CONVERSION = YES;
				CLANG_WARN_CONSTANT_CONVERSION = YES;
				CLANG_WARN_EMPTY_BODY = YES;
				CLANG_WARN_ENUM_CONVERSION = YES;
				CLANG_WARN_INFINITE_RECURSION = YES;
				CLANG_WARN_INT_CONVERSION = YES;
				CLANG_WARN_SUSPICIOUS_MOVE = YES;
				CLANG_WARN_UNREACHABLE_CODE = YES;
				CLANG_WARN__DUPLICATE_METHOD_MATCH = YES;
				"CODE_SIGN_IDENTITY[sdk=iphoneos*]" = "iPhone Developer";
				COPY_PHASE_STRIP = NO;
				ENABLE_STRICT_OBJC_MSGSEND = YES;
				ENABLE_TESTABILITY = YES;
				GCC_C_LANGUAGE_STANDARD = gnu99;
				GCC_DYNAMIC_NO_PIC = NO;
				GCC_NO_COMMON_BLOCKS = YES;
				GCC_OPTIMIZATION_LEVEL = 0;
				GCC_PREPROCESSOR_DEFINITIONS = (
					"DEBUG=1",
					"$(inherited)",
				);
				GCC_SYMBOLS_PRIVATE_EXTERN = NO;
				GCC_WARN_64_TO_32_BIT_CONVERSION = YES;
				GCC_WARN_ABOUT_RETURN_TYPE = YES;
				GCC_WARN_UNDECLARED_SELECTOR = YES;
				GCC_WARN_UNINITIALIZED_AUTOS = YES;
				GCC_WARN_UNUSED_FUNCTION = YES;
				GCC_WARN_UNUSED_VARIABLE = YES;
				IPHONEOS_DEPLOYMENT_TARGET = 8.0;
				ONLY_ACTIVE_ARCH = YES;
				SDKROOT = iphoneos;
				TARGETED_DEVICE_FAMILY = "1,2";
				VALID_ARCHS = "armv7 armv7s arm64";
			};
			name = Debug;
		};
		62E0CA2116566C0C00E2B4B0 /* Release */ = {
			isa = XCBuildConfiguration;
			buildSettings = {
				ALWAYS_SEARCH_USER_PATHS = NO;
				CLANG_CXX_LANGUAGE_STANDARD = "gnu++0x";
				CLANG_CXX_LIBRARY = "libc++";
				CLANG_WARN_BOOL_CONVERSION = YES;
				CLANG_WARN_CONSTANT_CONVERSION = YES;
				CLANG_WARN_EMPTY_BODY = YES;
				CLANG_WARN_ENUM_CONVERSION = YES;
				CLANG_WARN_INFINITE_RECURSION = YES;
				CLANG_WARN_INT_CONVERSION = YES;
				CLANG_WARN_SUSPICIOUS_MOVE = YES;
				CLANG_WARN_UNREACHABLE_CODE = YES;
				CLANG_WARN__DUPLICATE_METHOD_MATCH = YES;
				"CODE_SIGN_IDENTITY[sdk=iphoneos*]" = "iPhone Developer";
				COPY_PHASE_STRIP = YES;
				ENABLE_STRICT_OBJC_MSGSEND = YES;
				GCC_C_LANGUAGE_STANDARD = gnu99;
				GCC_NO_COMMON_BLOCKS = YES;
				GCC_WARN_64_TO_32_BIT_CONVERSION = YES;
				GCC_WARN_ABOUT_RETURN_TYPE = YES;
				GCC_WARN_UNDECLARED_SELECTOR = YES;
				GCC_WARN_UNINITIALIZED_AUTOS = YES;
				GCC_WARN_UNUSED_FUNCTION = YES;
				GCC_WARN_UNUSED_VARIABLE = YES;
				IPHONEOS_DEPLOYMENT_TARGET = 8.0;
				OTHER_CFLAGS = "-DNS_BLOCK_ASSERTIONS=1";
				SDKROOT = iphoneos;
				TARGETED_DEVICE_FAMILY = "1,2";
				VALIDATE_PRODUCT = YES;
				VALID_ARCHS = "armv7 armv7s arm64";
			};
			name = Release;
		};
		62E0CA2316566C0C00E2B4B0 /* Debug */ = {
			isa = XCBuildConfiguration;
			buildSettings = {
				ASSETCATALOG_COMPILER_APPICON_NAME = AppIcon;
				ASSETCATALOG_COMPILER_LAUNCHIMAGE_NAME = LaunchImage;
				CODE_SIGN_IDENTITY = "iPhone Developer";
				"CODE_SIGN_IDENTITY[sdk=iphoneos*]" = "iPhone Developer";
				DEVELOPMENT_TEAM = 2G876RW9RP;
				ENABLE_BITCODE = NO;
				GCC_PRECOMPILE_PREFIX_HEADER = YES;
				HEADER_SEARCH_PATHS = "./VideoKit/3rd-party/ffmpeg/include/";
				INFOPLIST_FILE = "./VideoKitSample/VideoKitSampleTRIAL-Info.plist";
				IPHONEOS_DEPLOYMENT_TARGET = 8.0;
				LIBRARY_SEARCH_PATHS = (
					"./VideoKit/3rd-party/ffmpeg/lib/",
					"./VideoKit/3rd-party/openSSL/lib/",
					"$(PROJECT_DIR)/VideoKit/Core",
				);
				ONLY_ACTIVE_ARCH = YES;
				OTHER_CFLAGS = "-DDEBUG";
				PRODUCT_BUNDLE_IDENTIFIER = "com.iosvideokit.ios-sample.trial";
				PRODUCT_NAME = VideoKitSampleTRIAL;
				PROVISIONING_PROFILE = "";
				"PROVISIONING_PROFILE[sdk=iphoneos*]" = "";
				SDKROOT = iphoneos;
				VALID_ARCHS = "armv7 armv7s arm64";
				WRAPPER_EXTENSION = app;
			};
			name = Debug;
		};
		62E0CA2416566C0C00E2B4B0 /* Release */ = {
			isa = XCBuildConfiguration;
			buildSettings = {
				ASSETCATALOG_COMPILER_APPICON_NAME = AppIcon;
				ASSETCATALOG_COMPILER_LAUNCHIMAGE_NAME = LaunchImage;
				CODE_SIGN_IDENTITY = "iPhone Developer";
				"CODE_SIGN_IDENTITY[sdk=iphoneos*]" = "iPhone Developer";
				DEVELOPMENT_TEAM = 2G876RW9RP;
				ENABLE_BITCODE = NO;
				GCC_PRECOMPILE_PREFIX_HEADER = YES;
				HEADER_SEARCH_PATHS = "./VideoKit/3rd-party/ffmpeg/include/";
				INFOPLIST_FILE = "./VideoKitSample/VideoKitSampleTRIAL-Info.plist";
				IPHONEOS_DEPLOYMENT_TARGET = 8.0;
				LIBRARY_SEARCH_PATHS = (
					"./VideoKit/3rd-party/ffmpeg/lib/",
					"./VideoKit/3rd-party/openSSL/lib/",
					"$(PROJECT_DIR)/VideoKit/Core",
				);
				ONLY_ACTIVE_ARCH = NO;
				OTHER_CFLAGS = "-DNS_BLOCK_ASSERTIONS=1";
				PRODUCT_BUNDLE_IDENTIFIER = "com.iosvideokit.ios-sample.trial";
				PRODUCT_NAME = VideoKitSampleTRIAL;
				PROVISIONING_PROFILE = "";
				"PROVISIONING_PROFILE[sdk=iphoneos*]" = "";
				SDKROOT = iphoneos;
				VALID_ARCHS = "armv7 armv7s arm64";
				WRAPPER_EXTENSION = app;
			};
			name = Release;
		};
/* End XCBuildConfiguration section */

/* Begin XCConfigurationList section */
		627D6CC516BDE0EE00E9AB02 /* Build configuration list for PBXNativeTarget "VideoKit" */ = {
			isa = XCConfigurationList;
			buildConfigurations = (
				627D6CC616BDE0EE00E9AB02 /* Debug */,
				627D6CC716BDE0EE00E9AB02 /* Release */,
			);
			defaultConfigurationIsVisible = 0;
			defaultConfigurationName = Release;
		};
		62E0C9FE16566C0C00E2B4B0 /* Build configuration list for PBXProject "VideoKitSampleTRIAL" */ = {
			isa = XCConfigurationList;
			buildConfigurations = (
				62E0CA2016566C0C00E2B4B0 /* Debug */,
				62E0CA2116566C0C00E2B4B0 /* Release */,
			);
			defaultConfigurationIsVisible = 0;
			defaultConfigurationName = Release;
		};
		62E0CA2216566C0C00E2B4B0 /* Build configuration list for PBXNativeTarget "VideoKitSampleTRIAL" */ = {
			isa = XCConfigurationList;
			buildConfigurations = (
				62E0CA2316566C0C00E2B4B0 /* Debug */,
				62E0CA2416566C0C00E2B4B0 /* Release */,
			);
			defaultConfigurationIsVisible = 0;
			defaultConfigurationName = Release;
		};
/* End XCConfigurationList section */
	};
	rootObject = 62E0C9FB16566C0C00E2B4B0 /* Project object */;
}
